
Microsoft Visual Studio Solution File, Format Version 12.00
# Visual Studio 15
VisualStudioVersion = 15.0.27703.2035
MinimumVisualStudioVersion = 10.0.40219.1
Project("{9A19103F-16F7-4668-BE54-9A1E7A4F7556}") = "TMSBusinessLogicLayer", "TMSBusinessLogicLayer\TMSBusinessLogicLayer.csproj", "{D7BFACDE-192A-4EA2-B162-6A38AE528B24}"
EndProject
Project("{9A19103F-16F7-4668-BE54-9A1E7A4F7556}") = "TMSWebAPI", "TMSWebAPI\TMSWebAPI.csproj", "{257D61F9-A69B-4094-9BAB-6B1718B4D02C}"
EndProject
Project("{9A19103F-16F7-4668-BE54-9A1E7A4F7556}") = "TMSDataAccessLayer", "TMSDataAccessLayer\TMSDataAccessLayer.csproj", "{81E0D753-556D-47A4-972E-58030AC2E3A1}"
EndProject
Global
	GlobalSection(SolutionConfigurationPlatforms) = preSolution
		Debug|Any CPU = Debug|Any CPU
		Release|Any CPU = Release|Any CPU
	EndGlobalSection
	GlobalSection(ProjectConfigurationPlatforms) = postSolution
		{D7BFACDE-192A-4EA2-B162-6A38AE528B24}.Debug|Any CPU.ActiveCfg = Debug|Any CPU
		{D7BFACDE-192A-4EA2-B162-6A38AE528B24}.Debug|Any CPU.Build.0 = Debug|Any CPU
		{D7BFACDE-192A-4EA2-B162-6A38AE528B24}.Release|Any CPU.ActiveCfg = Release|Any CPU
		{D7BFACDE-192A-4EA2-B162-6A38AE528B24}.Release|Any CPU.Build.0 = Release|Any CPU
		{257D61F9-A69B-4094-9BAB-6B1718B4D02C}.Debug|Any CPU.ActiveCfg = Debug|Any CPU
		{257D61F9-A69B-4094-9BAB-6B1718B4D02C}.Debug|Any CPU.Build.0 = Debug|Any CPU
		{257D61F9-A69B-4094-9BAB-6B1718B4D02C}.Release|Any CPU.ActiveCfg = Release|Any CPU
		{257D61F9-A69B-4094-9BAB-6B1718B4D02C}.Release|Any CPU.Build.0 = Release|Any CPU
		{81E0D753-556D-47A4-972E-58030AC2E3A1}.Debug|Any CPU.ActiveCfg = Debug|Any CPU
		{81E0D753-556D-47A4-972E-58030AC2E3A1}.Debug|Any CPU.Build.0 = Debug|Any CPU
		{81E0D753-556D-47A4-972E-58030AC2E3A1}.Release|Any CPU.ActiveCfg = Release|Any CPU
		{81E0D753-556D-47A4-972E-58030AC2E3A1}.Release|Any CPU.Build.0 = Release|Any CPU
	EndGlobalSection
	GlobalSection(SolutionProperties) = preSolution
		HideSolutionNode = FALSE
	EndGlobalSection
	GlobalSection(ExtensibilityGlobals) = postSolution
		SolutionGuid = {85AB2071-9610-427D-8646-3C4BDC201694}
	EndGlobalSection
EndGlobal
